// !$*UTF8*$!
{
	archiveVersion = 1;
	classes = {
	};
	objectVersion = 56;
	objects = {

/* Begin PBXBuildFile section */
		DBA1410429E94A3000F99DE7 /* Conway_s_Game_of_LifeApp.swift in Sources */ = {isa = PBXBuildFile; fileRef = DBA1410329E94A3000F99DE7 /* Conway_s_Game_of_LifeApp.swift */; };
		DBA1410629E94A3000F99DE7 /* ContentView.swift in Sources */ = {isa = PBXBuildFile; fileRef = DBA1410529E94A3000F99DE7 /* ContentView.swift */; };
		DBA1410829E94A3100F99DE7 /* Assets.xcassets in Resources */ = {isa = PBXBuildFile; fileRef = DBA1410729E94A3100F99DE7 /* Assets.xcassets */; };
		DBA1410C29E94A3100F99DE7 /* Preview Assets.xcassets in Resources */ = {isa = PBXBuildFile; fileRef = DBA1410B29E94A3100F99DE7 /* Preview Assets.xcassets */; };
		DBA1411629E94A3100F99DE7 /* Conway_s_Game_of_LifeTests.swift in Sources */ = {isa = PBXBuildFile; fileRef = DBA1411529E94A3100F99DE7 /* Conway_s_Game_of_LifeTests.swift */; };
		DBA1412029E94A3100F99DE7 /* Conway_s_Game_of_LifeUITests.swift in Sources */ = {isa = PBXBuildFile; fileRef = DBA1411F29E94A3100F99DE7 /* Conway_s_Game_of_LifeUITests.swift */; };
		DBA1412229E94A3100F99DE7 /* Conway_s_Game_of_LifeUITestsLaunchTests.swift in Sources */ = {isa = PBXBuildFile; fileRef = DBA1412129E94A3100F99DE7 /* Conway_s_Game_of_LifeUITestsLaunchTests.swift */; };
/* End PBXBuildFile section */

/* Begin PBXContainerItemProxy section */
		DBA1411229E94A3100F99DE7 /* PBXContainerItemProxy */ = {
			isa = PBXContainerItemProxy;
			containerPortal = DBA140F829E94A3000F99DE7 /* Project object */;
			proxyType = 1;
			remoteGlobalIDString = DBA140FF29E94A3000F99DE7;
			remoteInfo = "Conway’s Game of Life";
		};
		DBA1411C29E94A3100F99DE7 /* PBXContainerItemProxy */ = {
			isa = PBXContainerItemProxy;
			containerPortal = DBA140F829E94A3000F99DE7 /* Project object */;
			proxyType = 1;
			remoteGlobalIDString = DBA140FF29E94A3000F99DE7;
			remoteInfo = "Conway’s Game of Life";
		};
/* End PBXContainerItemProxy section */

/* Begin PBXFileReference section */
		DBA1410029E94A3000F99DE7 /* Conway’s Game of Life.app */ = {isa = PBXFileReference; explicitFileType = wrapper.application; includeInIndex = 0; path = "Conway’s Game of Life.app"; sourceTree = BUILT_PRODUCTS_DIR; };
		DBA1410329E94A3000F99DE7 /* Conway_s_Game_of_LifeApp.swift */ = {isa = PBXFileReference; lastKnownFileType = sourcecode.swift; path = Conway_s_Game_of_LifeApp.swift; sourceTree = "<group>"; };
		DBA1410529E94A3000F99DE7 /* ContentView.swift */ = {isa = PBXFileReference; lastKnownFileType = sourcecode.swift; path = ContentView.swift; sourceTree = "<group>"; };
		DBA1410729E94A3100F99DE7 /* Assets.xcassets */ = {isa = PBXFileReference; lastKnownFileType = folder.assetcatalog; path = Assets.xcassets; sourceTree = "<group>"; };
		DBA1410929E94A3100F99DE7 /* Conway_s_Game_of_Life.entitlements */ = {isa = PBXFileReference; lastKnownFileType = text.plist.entitlements; path = Conway_s_Game_of_Life.entitlements; sourceTree = "<group>"; };
		DBA1410B29E94A3100F99DE7 /* Preview Assets.xcassets */ = {isa = PBXFileReference; lastKnownFileType = folder.assetcatalog; path = "Preview Assets.xcassets"; sourceTree = "<group>"; };
		DBA1411129E94A3100F99DE7 /* Conway’s Game of LifeTests.xctest */ = {isa = PBXFileReference; explicitFileType = wrapper.cfbundle; includeInIndex = 0; path = "Conway’s Game of LifeTests.xctest"; sourceTree = BUILT_PRODUCTS_DIR; };
		DBA1411529E94A3100F99DE7 /* Conway_s_Game_of_LifeTests.swift */ = {isa = PBXFileReference; lastKnownFileType = sourcecode.swift; path = Conway_s_Game_of_LifeTests.swift; sourceTree = "<group>"; };
		DBA1411B29E94A3100F99DE7 /* Conway’s Game of LifeUITests.xctest */ = {isa = PBXFileReference; explicitFileType = wrapper.cfbundle; includeInIndex = 0; path = "Conway’s Game of LifeUITests.xctest"; sourceTree = BUILT_PRODUCTS_DIR; };
		DBA1411F29E94A3100F99DE7 /* Conway_s_Game_of_LifeUITests.swift */ = {isa = PBXFileReference; lastKnownFileType = sourcecode.swift; path = Conway_s_Game_of_LifeUITests.swift; sourceTree = "<group>"; };
		DBA1412129E94A3100F99DE7 /* Conway_s_Game_of_LifeUITestsLaunchTests.swift */ = {isa = PBXFileReference; lastKnownFileType = sourcecode.swift; path = Conway_s_Game_of_LifeUITestsLaunchTests.swift; sourceTree = "<group>"; };
/* End PBXFileReference section */

/* Begin PBXFrameworksBuildPhase section */
		DBA140FD29E94A3000F99DE7 /* Frameworks */ = {
			isa = PBXFrameworksBuildPhase;
			buildActionMask = 2147483647;
			files = (
			);
			runOnlyForDeploymentPostprocessing = 0;
		};
		DBA1410E29E94A3100F99DE7 /* Frameworks */ = {
			isa = PBXFrameworksBuildPhase;
			buildActionMask = 2147483647;
			files = (
			);
			runOnlyForDeploymentPostprocessing = 0;
		};
		DBA1411829E94A3100F99DE7 /* Frameworks */ = {
			isa = PBXFrameworksBuildPhase;
			buildActionMask = 2147483647;
			files = (
			);
			runOnlyForDeploymentPostprocessing = 0;
		};
/* End PBXFrameworksBuildPhase section */

/* Begin PBXGroup section */
		DBA140F729E94A3000F99DE7 = {
			isa = PBXGroup;
			children = (
				DBA1410229E94A3000F99DE7 /* Conway’s Game of Life */,
				DBA1411429E94A3100F99DE7 /* Conway’s Game of LifeTests */,
				DBA1411E29E94A3100F99DE7 /* Conway’s Game of LifeUITests */,
				DBA1410129E94A3000F99DE7 /* Products */,
			);
			sourceTree = "<group>";
		};
		DBA1410129E94A3000F99DE7 /* Products */ = {
			isa = PBXGroup;
			children = (
				DBA1410029E94A3000F99DE7 /* Conway’s Game of Life.app */,
				DBA1411129E94A3100F99DE7 /* Conway’s Game of LifeTests.xctest */,
				DBA1411B29E94A3100F99DE7 /* Conway’s Game of LifeUITests.xctest */,
			);
			name = Products;
			sourceTree = "<group>";
		};
		DBA1410229E94A3000F99DE7 /* Conway’s Game of Life */ = {
			isa = PBXGroup;
			children = (
				DBA1410329E94A3000F99DE7 /* Conway_s_Game_of_LifeApp.swift */,
				DBA1410529E94A3000F99DE7 /* ContentView.swift */,
				DBA1410729E94A3100F99DE7 /* Assets.xcassets */,
				DBA1410929E94A3100F99DE7 /* Conway_s_Game_of_Life.entitlements */,
				DBA1410A29E94A3100F99DE7 /* Preview Content */,
			);
			path = "Conway’s Game of Life";
			sourceTree = "<group>";
		};
		DBA1410A29E94A3100F99DE7 /* Preview Content */ = {
			isa = PBXGroup;
			children = (
				DBA1410B29E94A3100F99DE7 /* Preview Assets.xcassets */,
			);
			path = "Preview Content";
			sourceTree = "<group>";
		};
		DBA1411429E94A3100F99DE7 /* Conway’s Game of LifeTests */ = {
			isa = PBXGroup;
			children = (
				DBA1411529E94A3100F99DE7 /* Conway_s_Game_of_LifeTests.swift */,
			);
			path = "Conway’s Game of LifeTests";
			sourceTree = "<group>";
		};
		DBA1411E29E94A3100F99DE7 /* Conway’s Game of LifeUITests */ = {
			isa = PBXGroup;
			children = (
				DBA1411F29E94A3100F99DE7 /* Conway_s_Game_of_LifeUITests.swift */,
				DBA1412129E94A3100F99DE7 /* Conway_s_Game_of_LifeUITestsLaunchTests.swift */,
			);
			path = "Conway’s Game of LifeUITests";
			sourceTree = "<group>";
		};
/* End PBXGroup section */

/* Begin PBXNativeTarget section */
		DBA140FF29E94A3000F99DE7 /* Conway’s Game of Life */ = {
			isa = PBXNativeTarget;
			buildConfigurationList = DBA1412529E94A3100F99DE7 /* Build configuration list for PBXNativeTarget "Conway’s Game of Life" */;
			buildPhases = (
				DBA140FC29E94A3000F99DE7 /* Sources */,
				DBA140FD29E94A3000F99DE7 /* Frameworks */,
				DBA140FE29E94A3000F99DE7 /* Resources */,
			);
			buildRules = (
			);
			dependencies = (
			);
			name = "Conway’s Game of Life";
			productName = "Conway’s Game of Life";
			productReference = DBA1410029E94A3000F99DE7 /* Conway’s Game of Life.app */;
			productType = "com.apple.product-type.application";
		};
		DBA1411029E94A3100F99DE7 /* Conway’s Game of LifeTests */ = {
			isa = PBXNativeTarget;
			buildConfigurationList = DBA1412829E94A3100F99DE7 /* Build configuration list for PBXNativeTarget "Conway’s Game of LifeTests" */;
			buildPhases = (
				DBA1410D29E94A3100F99DE7 /* Sources */,
				DBA1410E29E94A3100F99DE7 /* Frameworks */,
				DBA1410F29E94A3100F99DE7 /* Resources */,
			);
			buildRules = (
			);
			dependencies = (
				DBA1411329E94A3100F99DE7 /* PBXTargetDependency */,
			);
			name = "Conway’s Game of LifeTests";
			productName = "Conway’s Game of LifeTests";
			productReference = DBA1411129E94A3100F99DE7 /* Conway’s Game of LifeTests.xctest */;
			productType = "com.apple.product-type.bundle.unit-test";
		};
		DBA1411A29E94A3100F99DE7 /* Conway’s Game of LifeUITests */ = {
			isa = PBXNativeTarget;
			buildConfigurationList = DBA1412B29E94A3100F99DE7 /* Build configuration list for PBXNativeTarget "Conway’s Game of LifeUITests" */;
			buildPhases = (
				DBA1411729E94A3100F99DE7 /* Sources */,
				DBA1411829E94A3100F99DE7 /* Frameworks */,
				DBA1411929E94A3100F99DE7 /* Resources */,
			);
			buildRules = (
			);
			dependencies = (
				DBA1411D29E94A3100F99DE7 /* PBXTargetDependency */,
			);
			name = "Conway’s Game of LifeUITests";
			productName = "Conway’s Game of LifeUITests";
			productReference = DBA1411B29E94A3100F99DE7 /* Conway’s Game of LifeUITests.xctest */;
			productType = "com.apple.product-type.bundle.ui-testing";
		};
/* End PBXNativeTarget section */

/* Begin PBXProject section */
		DBA140F829E94A3000F99DE7 /* Project object */ = {
			isa = PBXProject;
			attributes = {
				BuildIndependentTargetsInParallel = 1;
				LastSwiftUpdateCheck = 1430;
				LastUpgradeCheck = 1430;
				TargetAttributes = {
					DBA140FF29E94A3000F99DE7 = {
						CreatedOnToolsVersion = 14.3;
					};
					DBA1411029E94A3100F99DE7 = {
						CreatedOnToolsVersion = 14.3;
						TestTargetID = DBA140FF29E94A3000F99DE7;
					};
					DBA1411A29E94A3100F99DE7 = {
						CreatedOnToolsVersion = 14.3;
						TestTargetID = DBA140FF29E94A3000F99DE7;
					};
				};
			};
			buildConfigurationList = DBA140FB29E94A3000F99DE7 /* Build configuration list for PBXProject "Conway’s Game of Life" */;
			compatibilityVersion = "Xcode 14.0";
			developmentRegion = en;
			hasScannedForEncodings = 0;
			knownRegions = (
				en,
				Base,
			);
			mainGroup = DBA140F729E94A3000F99DE7;
			productRefGroup = DBA1410129E94A3000F99DE7 /* Products */;
			projectDirPath = "";
			projectRoot = "";
			targets = (
				DBA140FF29E94A3000F99DE7 /* Conway’s Game of Life */,
				DBA1411029E94A3100F99DE7 /* Conway’s Game of LifeTests */,
				DBA1411A29E94A3100F99DE7 /* Conway’s Game of LifeUITests */,
			);
		};
/* End PBXProject section */

/* Begin PBXResourcesBuildPhase section */
		DBA140FE29E94A3000F99DE7 /* Resources */ = {
			isa = PBXResourcesBuildPhase;
			buildActionMask = 2147483647;
			files = (
				DBA1410C29E94A3100F99DE7 /* Preview Assets.xcassets in Resources */,
				DBA1410829E94A3100F99DE7 /* Assets.xcassets in Resources */,
			);
			runOnlyForDeploymentPostprocessing = 0;
		};
		DBA1410F29E94A3100F99DE7 /* Resources */ = {
			isa = PBXResourcesBuildPhase;
			buildActionMask = 2147483647;
			files = (
			);
			runOnlyForDeploymentPostprocessing = 0;
		};
		DBA1411929E94A3100F99DE7 /* Resources */ = {
			isa = PBXResourcesBuildPhase;
			buildActionMask = 2147483647;
			files = (
			);
			runOnlyForDeploymentPostprocessing = 0;
		};
/* End PBXResourcesBuildPhase section */

/* Begin PBXSourcesBuildPhase section */
		DBA140FC29E94A3000F99DE7 /* Sources */ = {
			isa = PBXSourcesBuildPhase;
			buildActionMask = 2147483647;
			files = (
				DBA1410629E94A3000F99DE7 /* ContentView.swift in Sources */,
				DBA1410429E94A3000F99DE7 /* Conway_s_Game_of_LifeApp.swift in Sources */,
			);
			runOnlyForDeploymentPostprocessing = 0;
		};
		DBA1410D29E94A3100F99DE7 /* Sources */ = {
			isa = PBXSourcesBuildPhase;
			buildActionMask = 2147483647;
			files = (
				DBA1411629E94A3100F99DE7 /* Conway_s_Game_of_LifeTests.swift in Sources */,
			);
			runOnlyForDeploymentPostprocessing = 0;
		};
		DBA1411729E94A3100F99DE7 /* Sources */ = {
			isa = PBXSourcesBuildPhase;
			buildActionMask = 2147483647;
			files = (
				DBA1412229E94A3100F99DE7 /* Conway_s_Game_of_LifeUITestsLaunchTests.swift in Sources */,
				DBA1412029E94A3100F99DE7 /* Conway_s_Game_of_LifeUITests.swift in Sources */,
			);
			runOnlyForDeploymentPostprocessing = 0;
		};
/* End PBXSourcesBuildPhase section */

/* Begin PBXTargetDependency section */
		DBA1411329E94A3100F99DE7 /* PBXTargetDependency */ = {
			isa = PBXTargetDependency;
			target = DBA140FF29E94A3000F99DE7 /* Conway’s Game of Life */;
			targetProxy = DBA1411229E94A3100F99DE7 /* PBXContainerItemProxy */;
		};
		DBA1411D29E94A3100F99DE7 /* PBXTargetDependency */ = {
			isa = PBXTargetDependency;
			target = DBA140FF29E94A3000F99DE7 /* Conway’s Game of Life */;
			targetProxy = DBA1411C29E94A3100F99DE7 /* PBXContainerItemProxy */;
		};
/* End PBXTargetDependency section */

/* Begin XCBuildConfiguration section */
		DBA1412329E94A3100F99DE7 /* Debug */ = {
			isa = XCBuildConfiguration;
			buildSettings = {
				ALWAYS_SEARCH_USER_PATHS = NO;
				CLANG_ANALYZER_NONNULL = YES;
				CLANG_ANALYZER_NUMBER_OBJECT_CONVERSION = YES_AGGRESSIVE;
				CLANG_CXX_LANGUAGE_STANDARD = "gnu++20";
				CLANG_ENABLE_MODULES = YES;
				CLANG_ENABLE_OBJC_ARC = YES;
				CLANG_ENABLE_OBJC_WEAK = YES;
				CLANG_WARN_BLOCK_CAPTURE_AUTORELEASING = YES;
				CLANG_WARN_BOOL_CONVERSION = YES;
				CLANG_WARN_COMMA = YES;
				CLANG_WARN_CONSTANT_CONVERSION = YES;
				CLANG_WARN_DEPRECATED_OBJC_IMPLEMENTATIONS = YES;
				CLANG_WARN_DIRECT_OBJC_ISA_USAGE = YES_ERROR;
				CLANG_WARN_DOCUMENTATION_COMMENTS = YES;
				CLANG_WARN_EMPTY_BODY = YES;
				CLANG_WARN_ENUM_CONVERSION = YES;
				CLANG_WARN_INFINITE_RECURSION = YES;
				CLANG_WARN_INT_CONVERSION = YES;
				CLANG_WARN_NON_LITERAL_NULL_CONVERSION = YES;
				CLANG_WARN_OBJC_IMPLICIT_RETAIN_SELF = YES;
				CLANG_WARN_OBJC_LITERAL_CONVERSION = YES;
				CLANG_WARN_OBJC_ROOT_CLASS = YES_ERROR;
				CLANG_WARN_QUOTED_INCLUDE_IN_FRAMEWORK_HEADER = YES;
				CLANG_WARN_RANGE_LOOP_ANALYSIS = YES;
				CLANG_WARN_STRICT_PROTOTYPES = YES;
				CLANG_WARN_SUSPICIOUS_MOVE = YES;
				CLANG_WARN_UNGUARDED_AVAILABILITY = YES_AGGRESSIVE;
				CLANG_WARN_UNREACHABLE_CODE = YES;
				CLANG_WARN__DUPLICATE_METHOD_MATCH = YES;
				COPY_PHASE_STRIP = NO;
				DEBUG_INFORMATION_FORMAT = dwarf;
				ENABLE_STRICT_OBJC_MSGSEND = YES;
				ENABLE_TESTABILITY = YES;
				GCC_C_LANGUAGE_STANDARD = gnu11;
				GCC_DYNAMIC_NO_PIC = NO;
				GCC_NO_COMMON_BLOCKS = YES;
				GCC_OPTIMIZATION_LEVEL = 0;
				GCC_PREPROCESSOR_DEFINITIONS = (
					"DEBUG=1",
					"$(inherited)",
				);
				GCC_WARN_64_TO_32_BIT_CONVERSION = YES;
				GCC_WARN_ABOUT_RETURN_TYPE = YES_ERROR;
				GCC_WARN_UNDECLARED_SELECTOR = YES;
				GCC_WARN_UNINITIALIZED_AUTOS = YES_AGGRESSIVE;
				GCC_WARN_UNUSED_FUNCTION = YES;
				GCC_WARN_UNUSED_VARIABLE = YES;
				MTL_ENABLE_DEBUG_INFO = INCLUDE_SOURCE;
				MTL_FAST_MATH = YES;
				ONLY_ACTIVE_ARCH = YES;
				SWIFT_ACTIVE_COMPILATION_CONDITIONS = DEBUG;
				SWIFT_OPTIMIZATION_LEVEL = "-Onone";
			};
			name = Debug;
		};
		DBA1412429E94A3100F99DE7 /* Release */ = {
			isa = XCBuildConfiguration;
			buildSettings = {
				ALWAYS_SEARCH_USER_PATHS = NO;
				CLANG_ANALYZER_NONNULL = YES;
				CLANG_ANALYZER_NUMBER_OBJECT_CONVERSION = YES_AGGRESSIVE;
				CLANG_CXX_LANGUAGE_STANDARD = "gnu++20";
				CLANG_ENABLE_MODULES = YES;
				CLANG_ENABLE_OBJC_ARC = YES;
				CLANG_ENABLE_OBJC_WEAK = YES;
				CLANG_WARN_BLOCK_CAPTURE_AUTORELEASING = YES;
				CLANG_WARN_BOOL_CONVERSION = YES;
				CLANG_WARN_COMMA = YES;
				CLANG_WARN_CONSTANT_CONVERSION = YES;
				CLANG_WARN_DEPRECATED_OBJC_IMPLEMENTATIONS = YES;
				CLANG_WARN_DIRECT_OBJC_ISA_USAGE = YES_ERROR;
				CLANG_WARN_DOCUMENTATION_COMMENTS = YES;
				CLANG_WARN_EMPTY_BODY = YES;
				CLANG_WARN_ENUM_CONVERSION = YES;
				CLANG_WARN_INFINITE_RECURSION = YES;
				CLANG_WARN_INT_CONVERSION = YES;
				CLANG_WARN_NON_LITERAL_NULL_CONVERSION = YES;
				CLANG_WARN_OBJC_IMPLICIT_RETAIN_SELF = YES;
				CLANG_WARN_OBJC_LITERAL_CONVERSION = YES;
				CLANG_WARN_OBJC_ROOT_CLASS = YES_ERROR;
				CLANG_WARN_QUOTED_INCLUDE_IN_FRAMEWORK_HEADER = YES;
				CLANG_WARN_RANGE_LOOP_ANALYSIS = YES;
				CLANG_WARN_STRICT_PROTOTYPES = YES;
				CLANG_WARN_SUSPICIOUS_MOVE = YES;
				CLANG_WARN_UNGUARDED_AVAILABILITY = YES_AGGRESSIVE;
				CLANG_WARN_UNREACHABLE_CODE = YES;
				CLANG_WARN__DUPLICATE_METHOD_MATCH = YES;
				COPY_PHASE_STRIP = NO;
				DEBUG_INFORMATION_FORMAT = "dwarf-with-dsym";
				ENABLE_NS_ASSERTIONS = NO;
				ENABLE_STRICT_OBJC_MSGSEND = YES;
				GCC_C_LANGUAGE_STANDARD = gnu11;
				GCC_NO_COMMON_BLOCKS = YES;
				GCC_WARN_64_TO_32_BIT_CONVERSION = YES;
				GCC_WARN_ABOUT_RETURN_TYPE = YES_ERROR;
				GCC_WARN_UNDECLARED_SELECTOR = YES;
				GCC_WARN_UNINITIALIZED_AUTOS = YES_AGGRESSIVE;
				GCC_WARN_UNUSED_FUNCTION = YES;
				GCC_WARN_UNUSED_VARIABLE = YES;
				MTL_ENABLE_DEBUG_INFO = NO;
				MTL_FAST_MATH = YES;
				SWIFT_COMPILATION_MODE = wholemodule;
				SWIFT_OPTIMIZATION_LEVEL = "-O";
			};
			name = Release;
		};
		DBA1412629E94A3100F99DE7 /* Debug */ = {
			isa = XCBuildConfiguration;
			buildSettings = {
				ASSETCATALOG_COMPILER_APPICON_NAME = AppIcon;
				ASSETCATALOG_COMPILER_GLOBAL_ACCENT_COLOR_NAME = AccentColor;
				CODE_SIGN_ENTITLEMENTS = "Conway’s Game of Life/Conway_s_Game_of_Life.entitlements";
				CODE_SIGN_STYLE = Automatic;
				CURRENT_PROJECT_VERSION = 1;
				DEVELOPMENT_ASSET_PATHS = "\"Conway’s Game of Life/Preview Content\"";
				DEVELOPMENT_TEAM = STMU5Q6VC5;
				ENABLE_HARDENED_RUNTIME = YES;
				ENABLE_PREVIEWS = YES;
				GENERATE_INFOPLIST_FILE = YES;
				INFOPLIST_KEY_LSApplicationCategoryType = "public.app-category.games";
				"INFOPLIST_KEY_UIApplicationSceneManifest_Generation[sdk=iphoneos*]" = YES;
				"INFOPLIST_KEY_UIApplicationSceneManifest_Generation[sdk=iphonesimulator*]" = YES;
				"INFOPLIST_KEY_UIApplicationSupportsIndirectInputEvents[sdk=iphoneos*]" = YES;
				"INFOPLIST_KEY_UIApplicationSupportsIndirectInputEvents[sdk=iphonesimulator*]" = YES;
				"INFOPLIST_KEY_UILaunchScreen_Generation[sdk=iphoneos*]" = YES;
				"INFOPLIST_KEY_UILaunchScreen_Generation[sdk=iphonesimulator*]" = YES;
				"INFOPLIST_KEY_UIStatusBarStyle[sdk=iphoneos*]" = UIStatusBarStyleDefault;
				"INFOPLIST_KEY_UIStatusBarStyle[sdk=iphonesimulator*]" = UIStatusBarStyleDefault;
				INFOPLIST_KEY_UISupportedInterfaceOrientations_iPad = "UIInterfaceOrientationPortrait UIInterfaceOrientationPortraitUpsideDown UIInterfaceOrientationLandscapeLeft UIInterfaceOrientationLandscapeRight";
				INFOPLIST_KEY_UISupportedInterfaceOrientations_iPhone = "UIInterfaceOrientationPortrait UIInterfaceOrientationLandscapeLeft UIInterfaceOrientationLandscapeRight";
				IPHONEOS_DEPLOYMENT_TARGET = 16.2;
				LD_RUNPATH_SEARCH_PATHS = "@executable_path/Frameworks";
				"LD_RUNPATH_SEARCH_PATHS[sdk=macosx*]" = "@executable_path/../Frameworks";
				MACOSX_DEPLOYMENT_TARGET = 13.1;
				MARKETING_VERSION = 1.0;
				PRODUCT_BUNDLE_IDENTIFIER = "com.roger-wetter.Conway-s-Game-of-Life";
				PRODUCT_NAME = "$(TARGET_NAME)";
				SDKROOT = auto;
				SUPPORTED_PLATFORMS = "iphoneos iphonesimulator macosx";
				SWIFT_EMIT_LOC_STRINGS = YES;
				SWIFT_VERSION = 5.0;
				TARGETED_DEVICE_FAMILY = "1,2";
			};
			name = Debug;
		};
		DBA1412729E94A3100F99DE7 /* Release */ = {
			isa = XCBuildConfiguration;
			buildSettings = {
				ASSETCATALOG_COMPILER_APPICON_NAME = AppIcon;
				ASSETCATALOG_COMPILER_GLOBAL_ACCENT_COLOR_NAME = AccentColor;
				CODE_SIGN_ENTITLEMENTS = "Conway’s Game of Life/Conway_s_Game_of_Life.entitlements";
				CODE_SIGN_STYLE = Automatic;
				CURRENT_PROJECT_VERSION = 1;
				DEVELOPMENT_ASSET_PATHS = "\"Conway’s Game of Life/Preview Content\"";
				DEVELOPMENT_TEAM = STMU5Q6VC5;
				ENABLE_HARDENED_RUNTIME = YES;
				ENABLE_PREVIEWS = YES;
				GENERATE_INFOPLIST_FILE = YES;
				INFOPLIST_KEY_LSApplicationCategoryType = "public.app-category.games";
				"INFOPLIST_KEY_UIApplicationSceneManifest_Generation[sdk=iphoneos*]" = YES;
				"INFOPLIST_KEY_UIApplicationSceneManifest_Generation[sdk=iphonesimulator*]" = YES;
				"INFOPLIST_KEY_UIApplicationSupportsIndirectInputEvents[sdk=iphoneos*]" = YES;
				"INFOPLIST_KEY_UIApplicationSupportsIndirectInputEvents[sdk=iphonesimulator*]" = YES;
				"INFOPLIST_KEY_UILaunchScreen_Generation[sdk=iphoneos*]" = YES;
				"INFOPLIST_KEY_UILaunchScreen_Generation[sdk=iphonesimulator*]" = YES;
				"INFOPLIST_KEY_UIStatusBarStyle[sdk=iphoneos*]" = UIStatusBarStyleDefault;
				"INFOPLIST_KEY_UIStatusBarStyle[sdk=iphonesimulator*]" = UIStatusBarStyleDefault;
				INFOPLIST_KEY_UISupportedInterfaceOrientations_iPad = "UIInterfaceOrientationPortrait UIInterfaceOrientationPortraitUpsideDown UIInterfaceOrientationLandscapeLeft UIInterfaceOrientationLandscapeRight";
				INFOPLIST_KEY_UISupportedInterfaceOrientations_iPhone = "UIInterfaceOrientationPortrait UIInterfaceOrientationLandscapeLeft UIInterfaceOrientationLandscapeRight";
				IPHONEOS_DEPLOYMENT_TARGET = 16.2;
				LD_RUNPATH_SEARCH_PATHS = "@executable_path/Frameworks";
				"LD_RUNPATH_SEARCH_PATHS[sdk=macosx*]" = "@executable_path/../Frameworks";
				MACOSX_DEPLOYMENT_TARGET = 13.1;
				MARKETING_VERSION = 1.0;
				PRODUCT_BUNDLE_IDENTIFIER = "com.roger-wetter.Conway-s-Game-of-Life";
				PRODUCT_NAME = "$(TARGET_NAME)";
				SDKROOT = auto;
				SUPPORTED_PLATFORMS = "iphoneos iphonesimulator macosx";
				SWIFT_EMIT_LOC_STRINGS = YES;
				SWIFT_VERSION = 5.0;
				TARGETED_DEVICE_FAMILY = "1,2";
			};
			name = Release;
		};
		DBA1412929E94A3100F99DE7 /* Debug */ = {
			isa = XCBuildConfiguration;
			buildSettings = {
				ALWAYS_EMBED_SWIFT_STANDARD_LIBRARIES = YES;
				BUNDLE_LOADER = "$(TEST_HOST)";
				CODE_SIGN_STYLE = Automatic;
				CURRENT_PROJECT_VERSION = 1;
				DEVELOPMENT_TEAM = STMU5Q6VC5;
				GENERATE_INFOPLIST_FILE = YES;
				IPHONEOS_DEPLOYMENT_TARGET = 16.4;
				MACOSX_DEPLOYMENT_TARGET = 13.3;
				MARKETING_VERSION = 1.0;
				PRODUCT_BUNDLE_IDENTIFIER = "com.roger-wetter.Conway-s-Game-of-LifeTests";
				PRODUCT_NAME = "$(TARGET_NAME)";
				SDKROOT = auto;
				SUPPORTED_PLATFORMS = "iphoneos iphonesimulator macosx";
				SWIFT_EMIT_LOC_STRINGS = NO;
				SWIFT_VERSION = 5.0;
				TARGETED_DEVICE_FAMILY = "1,2";
				TEST_HOST = "$(BUILT_PRODUCTS_DIR)/Conway’s Game of Life.app/$(BUNDLE_EXECUTABLE_FOLDER_PATH)/Conway’s Game of Life";
			};
			name = Debug;
		};
		DBA1412A29E94A3100F99DE7 /* Release */ = {
			isa = XCBuildConfiguration;
			buildSettings = {
				ALWAYS_EMBED_SWIFT_STANDARD_LIBRARIES = YES;
				BUNDLE_LOADER = "$(TEST_HOST)";
				CODE_SIGN_STYLE = Automatic;
				CURRENT_PROJECT_VERSION = 1;
				DEVELOPMENT_TEAM = STMU5Q6VC5;
				GENERATE_INFOPLIST_FILE = YES;
				IPHONEOS_DEPLOYMENT_TARGET = 16.4;
				MACOSX_DEPLOYMENT_TARGET = 13.3;
				MARKETING_VERSION = 1.0;
				PRODUCT_BUNDLE_IDENTIFIER = "com.roger-wetter.Conway-s-Game-of-LifeTests";
				PRODUCT_NAME = "$(TARGET_NAME)";
				SDKROOT = auto;
				SUPPORTED_PLATFORMS = "iphoneos iphonesimulator macosx";
				SWIFT_EMIT_LOC_STRINGS = NO;
				SWIFT_VERSION = 5.0;
				TARGETED_DEVICE_FAMILY = "1,2";
				TEST_HOST = "$(BUILT_PRODUCTS_DIR)/Conway’s Game of Life.app/$(BUNDLE_EXECUTABLE_FOLDER_PATH)/Conway’s Game of Life";
			};
			name = Release;
		};
		DBA1412C29E94A3100F99DE7 /* Debug */ = {
			isa = XCBuildConfiguration;
			buildSettings = {
				ALWAYS_EMBED_SWIFT_STANDARD_LIBRARIES = YES;
				CODE_SIGN_STYLE = Automatic;
				CURRENT_PROJECT_VERSION = 1;
				DEVELOPMENT_TEAM = STMU5Q6VC5;
				GENERATE_INFOPLIST_FILE = YES;
				IPHONEOS_DEPLOYMENT_TARGET = 16.4;
				MACOSX_DEPLOYMENT_TARGET = 13.3;
				MARKETING_VERSION = 1.0;
				PRODUCT_BUNDLE_IDENTIFIER = "com.roger-wetter.Conway-s-Game-of-LifeUITests";
				PRODUCT_NAME = "$(TARGET_NAME)";
				SDKROOT = auto;
				SUPPORTED_PLATFORMS = "iphoneos iphonesimulator macosx";
				SWIFT_EMIT_LOC_STRINGS = NO;
				SWIFT_VERSION = 5.0;
				TARGETED_DEVICE_FAMILY = "1,2";
				TEST_TARGET_NAME = "Conway’s Game of Life";
			};
			name = Debug;
		};
		DBA1412D29E94A3100F99DE7 /* Release */ = {
			isa = XCBuildConfiguration;
			buildSettings = {
				ALWAYS_EMBED_SWIFT_STANDARD_LIBRARIES = YES;
				CODE_SIGN_STYLE = Automatic;
				CURRENT_PROJECT_VERSION = 1;
				DEVELOPMENT_TEAM = STMU5Q6VC5;
				GENERATE_INFOPLIST_FILE = YES;
				IPHONEOS_DEPLOYMENT_TARGET = 16.4;
				MACOSX_DEPLOYMENT_TARGET = 13.3;
				MARKETING_VERSION = 1.0;
				PRODUCT_BUNDLE_IDENTIFIER = "com.roger-wetter.Conway-s-Game-of-LifeUITests";
				PRODUCT_NAME = "$(TARGET_NAME)";
				SDKROOT = auto;
				SUPPORTED_PLATFORMS = "iphoneos iphonesimulator macosx";
				SWIFT_EMIT_LOC_STRINGS = NO;
				SWIFT_VERSION = 5.0;
				TARGETED_DEVICE_FAMILY = "1,2";
				TEST_TARGET_NAME = "Conway’s Game of Life";
			};
			name = Release;
		};
/* End XCBuildConfiguration section */

/* Begin XCConfigurationList section */
		DBA140FB29E94A3000F99DE7 /* Build configuration list for PBXProject "Conway’s Game of Life" */ = {
			isa = XCConfigurationList;
			buildConfigurations = (
				DBA1412329E94A3100F99DE7 /* Debug */,
				DBA1412429E94A3100F99DE7 /* Release */,
			);
			defaultConfigurationIsVisible = 0;
			defaultConfigurationName = Release;
		};
		DBA1412529E94A3100F99DE7 /* Build configuration list for PBXNativeTarget "Conway’s Game of Life" */ = {
			isa = XCConfigurationList;
			buildConfigurations = (
				DBA1412629E94A3100F99DE7 /* Debug */,
				DBA1412729E94A3100F99DE7 /* Release */,
			);
			defaultConfigurationIsVisible = 0;
			defaultConfigurationName = Release;
		};
		DBA1412829E94A3100F99DE7 /* Build configuration list for PBXNativeTarget "Conway’s Game of LifeTests" */ = {
			isa = XCConfigurationList;
			buildConfigurations = (
				DBA1412929E94A3100F99DE7 /* Debug */,
				DBA1412A29E94A3100F99DE7 /* Release */,
			);
			defaultConfigurationIsVisible = 0;
			defaultConfigurationName = Release;
		};
		DBA1412B29E94A3100F99DE7 /* Build configuration list for PBXNativeTarget "Conway’s Game of LifeUITests" */ = {
			isa = XCConfigurationList;
			buildConfigurations = (
				DBA1412C29E94A3100F99DE7 /* Debug */,
				DBA1412D29E94A3100F99DE7 /* Release */,
			);
			defaultConfigurationIsVisible = 0;
			defaultConfigurationName = Release;
		};
/* End XCConfigurationList section */
	};
	rootObject = DBA140F829E94A3000F99DE7 /* Project object */;
}
